
Microsoft Visual Studio Solution File, Format Version 12.00
# Visual Studio 15
VisualStudioVersion = 15.0.26730.16
MinimumVisualStudioVersion = 10.0.40219.1
Project("{FAE04EC0-301F-11D3-BF4B-00C04F79EFBC}") = "UserMS", "UserMS\UserMS.csproj", "{90D41ABF-1CFB-4F7A-BCC6-678F94BF5F04}"
EndProject
Project("{FAE04EC0-301F-11D3-BF4B-00C04F79EFBC}") = "UserMS.Test", "UserMS.Test\UserMS.Test.csproj", "{F0FA105F-0CDB-4291-B9DA-5AA00B3D4E7A}"
EndProject
Global
	GlobalSection(SolutionConfigurationPlatforms) = preSolution
		Debug|Any CPU = Debug|Any CPU
		Debug|ARM = Debug|ARM
		Debug|x64 = Debug|x64
		Debug|x86 = Debug|x86
		Release|Any CPU = Release|Any CPU
		Release|ARM = Release|ARM
		Release|x64 = Release|x64
		Release|x86 = Release|x86
	EndGlobalSection
	GlobalSection(ProjectConfigurationPlatforms) = postSolution
		{90D41ABF-1CFB-4F7A-BCC6-678F94BF5F04}.Debug|Any CPU.ActiveCfg = Debug|Any CPU
		{90D41ABF-1CFB-4F7A-BCC6-678F94BF5F04}.Debug|Any CPU.Build.0 = Debug|Any CPU
		{90D41ABF-1CFB-4F7A-BCC6-678F94BF5F04}.Debug|ARM.ActiveCfg = Debug|Any CPU
		{90D41ABF-1CFB-4F7A-BCC6-678F94BF5F04}.Debug|ARM.Build.0 = Debug|Any CPU
		{90D41ABF-1CFB-4F7A-BCC6-678F94BF5F04}.Debug|x64.ActiveCfg = Debug|Any CPU
		{90D41ABF-1CFB-4F7A-BCC6-678F94BF5F04}.Debug|x64.Build.0 = Debug|Any CPU
		{90D41ABF-1CFB-4F7A-BCC6-678F94BF5F04}.Debug|x86.ActiveCfg = Debug|Any CPU
		{90D41ABF-1CFB-4F7A-BCC6-678F94BF5F04}.Debug|x86.Build.0 = Debug|Any CPU
		{90D41ABF-1CFB-4F7A-BCC6-678F94BF5F04}.Release|Any CPU.ActiveCfg = Release|Any CPU
		{90D41ABF-1CFB-4F7A-BCC6-678F94BF5F04}.Release|Any CPU.Build.0 = Release|Any CPU
		{90D41ABF-1CFB-4F7A-BCC6-678F94BF5F04}.Release|ARM.ActiveCfg = Release|Any CPU
		{90D41ABF-1CFB-4F7A-BCC6-678F94BF5F04}.Release|ARM.Build.0 = Release|Any CPU
		{90D41ABF-1CFB-4F7A-BCC6-678F94BF5F04}.Release|x64.ActiveCfg = Release|Any CPU
		{90D41ABF-1CFB-4F7A-BCC6-678F94BF5F04}.Release|x64.Build.0 = Release|Any CPU
		{90D41ABF-1CFB-4F7A-BCC6-678F94BF5F04}.Release|x86.ActiveCfg = Release|Any CPU
		{90D41ABF-1CFB-4F7A-BCC6-678F94BF5F04}.Release|x86.Build.0 = Release|Any CPU
		{F0FA105F-0CDB-4291-B9DA-5AA00B3D4E7A}.Debug|Any CPU.ActiveCfg = Debug|Any CPU
		{F0FA105F-0CDB-4291-B9DA-5AA00B3D4E7A}.Debug|Any CPU.Build.0 = Debug|Any CPU
		{F0FA105F-0CDB-4291-B9DA-5AA00B3D4E7A}.Debug|ARM.ActiveCfg = Debug|Any CPU
		{F0FA105F-0CDB-4291-B9DA-5AA00B3D4E7A}.Debug|ARM.Build.0 = Debug|Any CPU
		{F0FA105F-0CDB-4291-B9DA-5AA00B3D4E7A}.Debug|x64.ActiveCfg = Debug|Any CPU
		{F0FA105F-0CDB-4291-B9DA-5AA00B3D4E7A}.Debug|x64.Build.0 = Debug|Any CPU
		{F0FA105F-0CDB-4291-B9DA-5AA00B3D4E7A}.Debug|x86.ActiveCfg = Debug|Any CPU
		{F0FA105F-0CDB-4291-B9DA-5AA00B3D4E7A}.Debug|x86.Build.0 = Debug|Any CPU
		{F0FA105F-0CDB-4291-B9DA-5AA00B3D4E7A}.Release|Any CPU.ActiveCfg = Release|Any CPU
		{F0FA105F-0CDB-4291-B9DA-5AA00B3D4E7A}.Release|Any CPU.Build.0 = Release|Any CPU
		{F0FA105F-0CDB-4291-B9DA-5AA00B3D4E7A}.Release|ARM.ActiveCfg = Release|Any CPU
		{F0FA105F-0CDB-4291-B9DA-5AA00B3D4E7A}.Release|ARM.Build.0 = Release|Any CPU
		{F0FA105F-0CDB-4291-B9DA-5AA00B3D4E7A}.Release|x64.ActiveCfg = Release|Any CPU
		{F0FA105F-0CDB-4291-B9DA-5AA00B3D4E7A}.Release|x64.Build.0 = Release|Any CPU
		{F0FA105F-0CDB-4291-B9DA-5AA00B3D4E7A}.Release|x86.ActiveCfg = Release|Any CPU
		{F0FA105F-0CDB-4291-B9DA-5AA00B3D4E7A}.Release|x86.Build.0 = Release|Any CPU
	EndGlobalSection
	GlobalSection(SolutionProperties) = preSolution
		HideSolutionNode = FALSE
	EndGlobalSection
	GlobalSection(ExtensibilityGlobals) = postSolution
		SolutionGuid = {30747C19-D7B9-4FBC-B482-496135EAD539}
	EndGlobalSection
EndGlobal
